<?xml version="1.0" encoding="utf-8"?>
<Project ToolsVersion="4.0" xmlns="http://schemas.microsoft.com/developer/msbuild/2003">
  <ItemGroup>
    <Filter Include="Source Files">
      <UniqueIdentifier>{01d07a70-829b-44ea-a1fe-935f771525e2}</UniqueIdentifier>
      <Extensions>cpp;c;cxx;cc;s;asm</Extensions>
    </Filter>
    <Filter Include="Header Files">
      <UniqueIdentifier>{54f2f33e-83e7-4431-8649-87a9eba66593}</UniqueIdentifier>
      <Extensions>h;hpp</Extensions>
    </Filter>
    <Filter Include="Cg Files">
      <UniqueIdentifier>{7b145d46-ec79-4401-b988-1098c5886f48}</UniqueIdentifier>
    </Filter>
  </ItemGroup>
  <ItemGroup>
    <ClCompile Include="main.cpp">
      <Filter>Source Files</Filter>
    </ClCompile>
    <ClCompile Include="netstart_dialog.cpp">
      <Filter>Source Files</Filter>
    </ClCompile>
    <ClCompile Include="np_clans.cpp">
      <Filter>Source Files</Filter>
    </ClCompile>
    <ClCompile Include="np_clans_draw.cpp">
      <Filter>Source Files</Filter>
    </ClCompile>
    <ClCompile Include="np_clans_pad.cpp">
      <Filter>Source Files</Filter>
    </ClCompile>
    <ClCompile Include="np_conf.cpp">
      <Filter>Source Files</Filter>
    </ClCompile>
    <ClCompile Include="np_gui.cpp">
      <Filter>Source Files</Filter>
    </ClCompile>
    <ClCompile Include="np_gui_async_pad.cpp">
      <Filter>Source Files</Filter>
    </ClCompile>
    <ClCompile Include="np_top.cpp">
      <Filter>Source Files</Filter>
    </ClCompile>
    <ClCompile Include="np_top_pad.cpp">
      <Filter>Source Files</Filter>
    </ClCompile>
    <ClCompile Include="osk_dialog.cpp">
      <Filter>Source Files</Filter>
    </ClCompile>
  </ItemGroup>
  <ItemGroup>
    <ClInclude Include="np_conf.h">
      <Filter>Header Files</Filter>
    </ClInclude>
    <ClInclude Include="np_gui.h">
      <Filter>Header Files</Filter>
    </ClInclude>
    <ClInclude Include="np_gui_draw.h">
      <Filter>Header Files</Filter>
    </ClInclude>
    <ClInclude Include="strings.h">
      <Filter>Header Files</Filter>
    </ClInclude>
  </ItemGroup>
  <ItemGroup>
    <CustomBuild Include="fpshader.cg">
      <Filter>Cg Files</Filter>
    </CustomBuild>
    <CustomBuild Include="vpshader.cg">
      <Filter>Cg Files</Filter>
    </CustomBuild>
  </ItemGroup>
</Project>